
Microsoft Visual Studio Solution File, Format Version 12.00
# Visual Studio Version 16
VisualStudioVersion = 16.0.29519.87
MinimumVisualStudioVersion = 10.0.40219.1
Project("{9A19103F-16F7-4668-BE54-9A1E7A4F7556}") = "Abadakor", "Abadakor.csproj", "{78010CF1-EA59-4412-83AE-7549A5296B5D}"
EndProject
Global
	GlobalSection(SolutionConfigurationPlatforms) = preSolution
		Debug|Any CPU = Debug|Any CPU
		Release|Any CPU = Release|Any CPU
	EndGlobalSection
	GlobalSection(ProjectConfigurationPlatforms) = postSolution
		{78010CF1-EA59-4412-83AE-7549A5296B5D}.Debug|Any CPU.ActiveCfg = Debug|Any CPU
		{78010CF1-EA59-4412-83AE-7549A5296B5D}.Debug|Any CPU.Build.0 = Debug|Any CPU
		{78010CF1-EA59-4412-83AE-7549A5296B5D}.Release|Any CPU.ActiveCfg = Release|Any CPU
		{78010CF1-EA59-4412-83AE-7549A5296B5D}.Release|Any CPU.Build.0 = Release|Any CPU
	EndGlobalSection
	GlobalSection(SolutionProperties) = preSolution
		HideSolutionNode = FALSE
	EndGlobalSection
	GlobalSection(ExtensibilityGlobals) = postSolution
		SolutionGuid = {5E766223-0F7C-4B63-A264-D54A40F2AA37}
	EndGlobalSection
EndGlobal
